
Microsoft Visual Studio Solution File, Format Version 12.00
# Visual Studio 14
VisualStudioVersion = 14.0.25420.1
MinimumVisualStudioVersion = 10.0.40219.1
Project("{FAE04EC0-301F-11D3-BF4B-00C04F79EFBC}") = "PedePaga", "PedePaga\PedePaga\PedePaga.csproj", "{FEFBC119-8FAD-46F4-A016-E4D5BFBC7E50}"
EndProject
Project("{FAE04EC0-301F-11D3-BF4B-00C04F79EFBC}") = "PedePaga.Droid", "PedePaga\PedePaga.Droid\PedePaga.Droid.csproj", "{608CCCF7-5537-4759-8321-4DCBA7C497D4}"
EndProject
Project("{FAE04EC0-301F-11D3-BF4B-00C04F79EFBC}") = "PedePaga.iOS", "PedePaga\PedePaga.iOS\PedePaga.iOS.csproj", "{3CD7C602-A077-42F8-8572-7357936E5074}"
EndProject
Project("{FAE04EC0-301F-11D3-BF4B-00C04F79EFBC}") = "PedePaga.Windows", "PedePaga\PedePaga.Windows\PedePaga.Windows.csproj", "{98EBAED6-3197-4563-AAC5-853C7DF5E072}"
EndProject
Global
	GlobalSection(SolutionConfigurationPlatforms) = preSolution
		Ad-Hoc|Any CPU = Ad-Hoc|Any CPU
		Ad-Hoc|ARM = Ad-Hoc|ARM
		Ad-Hoc|iPhone = Ad-Hoc|iPhone
		Ad-Hoc|iPhoneSimulator = Ad-Hoc|iPhoneSimulator
		Ad-Hoc|x64 = Ad-Hoc|x64
		Ad-Hoc|x86 = Ad-Hoc|x86
		AppStore|Any CPU = AppStore|Any CPU
		AppStore|ARM = AppStore|ARM
		AppStore|iPhone = AppStore|iPhone
		AppStore|iPhoneSimulator = AppStore|iPhoneSimulator
		AppStore|x64 = AppStore|x64
		AppStore|x86 = AppStore|x86
		Debug|Any CPU = Debug|Any CPU
		Debug|ARM = Debug|ARM
		Debug|iPhone = Debug|iPhone
		Debug|iPhoneSimulator = Debug|iPhoneSimulator
		Debug|x64 = Debug|x64
		Debug|x86 = Debug|x86
		Release|Any CPU = Release|Any CPU
		Release|ARM = Release|ARM
		Release|iPhone = Release|iPhone
		Release|iPhoneSimulator = Release|iPhoneSimulator
		Release|x64 = Release|x64
		Release|x86 = Release|x86
	EndGlobalSection
	GlobalSection(ProjectConfigurationPlatforms) = postSolution
		{FEFBC119-8FAD-46F4-A016-E4D5BFBC7E50}.Ad-Hoc|Any CPU.ActiveCfg = Release|Any CPU
		{FEFBC119-8FAD-46F4-A016-E4D5BFBC7E50}.Ad-Hoc|Any CPU.Build.0 = Release|Any CPU
		{FEFBC119-8FAD-46F4-A016-E4D5BFBC7E50}.Ad-Hoc|ARM.ActiveCfg = Release|Any CPU
		{FEFBC119-8FAD-46F4-A016-E4D5BFBC7E50}.Ad-Hoc|ARM.Build.0 = Release|Any CPU
		{FEFBC119-8FAD-46F4-A016-E4D5BFBC7E50}.Ad-Hoc|iPhone.ActiveCfg = Release|Any CPU
		{FEFBC119-8FAD-46F4-A016-E4D5BFBC7E50}.Ad-Hoc|iPhone.Build.0 = Release|Any CPU
		{FEFBC119-8FAD-46F4-A016-E4D5BFBC7E50}.Ad-Hoc|iPhoneSimulator.ActiveCfg = Release|Any CPU
		{FEFBC119-8FAD-46F4-A016-E4D5BFBC7E50}.Ad-Hoc|iPhoneSimulator.Build.0 = Release|Any CPU
		{FEFBC119-8FAD-46F4-A016-E4D5BFBC7E50}.Ad-Hoc|x64.ActiveCfg = Release|Any CPU
		{FEFBC119-8FAD-46F4-A016-E4D5BFBC7E50}.Ad-Hoc|x64.Build.0 = Release|Any CPU
		{FEFBC119-8FAD-46F4-A016-E4D5BFBC7E50}.Ad-Hoc|x86.ActiveCfg = Release|Any CPU
		{FEFBC119-8FAD-46F4-A016-E4D5BFBC7E50}.Ad-Hoc|x86.Build.0 = Release|Any CPU
		{FEFBC119-8FAD-46F4-A016-E4D5BFBC7E50}.AppStore|Any CPU.ActiveCfg = Release|Any CPU
		{FEFBC119-8FAD-46F4-A016-E4D5BFBC7E50}.AppStore|Any CPU.Build.0 = Release|Any CPU
		{FEFBC119-8FAD-46F4-A016-E4D5BFBC7E50}.AppStore|ARM.ActiveCfg = Release|Any CPU
		{FEFBC119-8FAD-46F4-A016-E4D5BFBC7E50}.AppStore|ARM.Build.0 = Release|Any CPU
		{FEFBC119-8FAD-46F4-A016-E4D5BFBC7E50}.AppStore|iPhone.ActiveCfg = Release|Any CPU
		{FEFBC119-8FAD-46F4-A016-E4D5BFBC7E50}.AppStore|iPhone.Build.0 = Release|Any CPU
		{FEFBC119-8FAD-46F4-A016-E4D5BFBC7E50}.AppStore|iPhoneSimulator.ActiveCfg = Release|Any CPU
		{FEFBC119-8FAD-46F4-A016-E4D5BFBC7E50}.AppStore|iPhoneSimulator.Build.0 = Release|Any CPU
		{FEFBC119-8FAD-46F4-A016-E4D5BFBC7E50}.AppStore|x64.ActiveCfg = Release|Any CPU
		{FEFBC119-8FAD-46F4-A016-E4D5BFBC7E50}.AppStore|x64.Build.0 = Release|Any CPU
		{FEFBC119-8FAD-46F4-A016-E4D5BFBC7E50}.AppStore|x86.ActiveCfg = Release|Any CPU
		{FEFBC119-8FAD-46F4-A016-E4D5BFBC7E50}.AppStore|x86.Build.0 = Release|Any CPU
		{FEFBC119-8FAD-46F4-A016-E4D5BFBC7E50}.Debug|Any CPU.ActiveCfg = Debug|Any CPU
		{FEFBC119-8FAD-46F4-A016-E4D5BFBC7E50}.Debug|Any CPU.Build.0 = Debug|Any CPU
		{FEFBC119-8FAD-46F4-A016-E4D5BFBC7E50}.Debug|Any CPU.Deploy.0 = Debug|Any CPU
		{FEFBC119-8FAD-46F4-A016-E4D5BFBC7E50}.Debug|ARM.ActiveCfg = Debug|Any CPU
		{FEFBC119-8FAD-46F4-A016-E4D5BFBC7E50}.Debug|ARM.Build.0 = Debug|Any CPU
		{FEFBC119-8FAD-46F4-A016-E4D5BFBC7E50}.Debug|iPhone.ActiveCfg = Debug|Any CPU
		{FEFBC119-8FAD-46F4-A016-E4D5BFBC7E50}.Debug|iPhone.Build.0 = Debug|Any CPU
		{FEFBC119-8FAD-46F4-A016-E4D5BFBC7E50}.Debug|iPhoneSimulator.ActiveCfg = Debug|Any CPU
		{FEFBC119-8FAD-46F4-A016-E4D5BFBC7E50}.Debug|iPhoneSimulator.Build.0 = Debug|Any CPU
		{FEFBC119-8FAD-46F4-A016-E4D5BFBC7E50}.Debug|x64.ActiveCfg = Debug|Any CPU
		{FEFBC119-8FAD-46F4-A016-E4D5BFBC7E50}.Debug|x64.Build.0 = Debug|Any CPU
		{FEFBC119-8FAD-46F4-A016-E4D5BFBC7E50}.Debug|x86.ActiveCfg = Debug|Any CPU
		{FEFBC119-8FAD-46F4-A016-E4D5BFBC7E50}.Debug|x86.Build.0 = Debug|Any CPU
		{FEFBC119-8FAD-46F4-A016-E4D5BFBC7E50}.Release|Any CPU.ActiveCfg = Release|Any CPU
		{FEFBC119-8FAD-46F4-A016-E4D5BFBC7E50}.Release|Any CPU.Build.0 = Release|Any CPU
		{FEFBC119-8FAD-46F4-A016-E4D5BFBC7E50}.Release|ARM.ActiveCfg = Release|Any CPU
		{FEFBC119-8FAD-46F4-A016-E4D5BFBC7E50}.Release|ARM.Build.0 = Release|Any CPU
		{FEFBC119-8FAD-46F4-A016-E4D5BFBC7E50}.Release|iPhone.ActiveCfg = Release|Any CPU
		{FEFBC119-8FAD-46F4-A016-E4D5BFBC7E50}.Release|iPhone.Build.0 = Release|Any CPU
		{FEFBC119-8FAD-46F4-A016-E4D5BFBC7E50}.Release|iPhoneSimulator.ActiveCfg = Release|Any CPU
		{FEFBC119-8FAD-46F4-A016-E4D5BFBC7E50}.Release|iPhoneSimulator.Build.0 = Release|Any CPU
		{FEFBC119-8FAD-46F4-A016-E4D5BFBC7E50}.Release|x64.ActiveCfg = Release|Any CPU
		{FEFBC119-8FAD-46F4-A016-E4D5BFBC7E50}.Release|x64.Build.0 = Release|Any CPU
		{FEFBC119-8FAD-46F4-A016-E4D5BFBC7E50}.Release|x86.ActiveCfg = Release|Any CPU
		{FEFBC119-8FAD-46F4-A016-E4D5BFBC7E50}.Release|x86.Build.0 = Release|Any CPU
		{608CCCF7-5537-4759-8321-4DCBA7C497D4}.Ad-Hoc|Any CPU.ActiveCfg = Release|Any CPU
		{608CCCF7-5537-4759-8321-4DCBA7C497D4}.Ad-Hoc|Any CPU.Build.0 = Release|Any CPU
		{608CCCF7-5537-4759-8321-4DCBA7C497D4}.Ad-Hoc|Any CPU.Deploy.0 = Release|Any CPU
		{608CCCF7-5537-4759-8321-4DCBA7C497D4}.Ad-Hoc|ARM.ActiveCfg = Release|Any CPU
		{608CCCF7-5537-4759-8321-4DCBA7C497D4}.Ad-Hoc|ARM.Build.0 = Release|Any CPU
		{608CCCF7-5537-4759-8321-4DCBA7C497D4}.Ad-Hoc|ARM.Deploy.0 = Release|Any CPU
		{608CCCF7-5537-4759-8321-4DCBA7C497D4}.Ad-Hoc|iPhone.ActiveCfg = Release|Any CPU
		{608CCCF7-5537-4759-8321-4DCBA7C497D4}.Ad-Hoc|iPhone.Build.0 = Release|Any CPU
		{608CCCF7-5537-4759-8321-4DCBA7C497D4}.Ad-Hoc|iPhone.Deploy.0 = Release|Any CPU
		{608CCCF7-5537-4759-8321-4DCBA7C497D4}.Ad-Hoc|iPhoneSimulator.ActiveCfg = Release|Any CPU
		{608CCCF7-5537-4759-8321-4DCBA7C497D4}.Ad-Hoc|iPhoneSimulator.Build.0 = Release|Any CPU
		{608CCCF7-5537-4759-8321-4DCBA7C497D4}.Ad-Hoc|iPhoneSimulator.Deploy.0 = Release|Any CPU
		{608CCCF7-5537-4759-8321-4DCBA7C497D4}.Ad-Hoc|x64.ActiveCfg = Release|Any CPU
		{608CCCF7-5537-4759-8321-4DCBA7C497D4}.Ad-Hoc|x64.Build.0 = Release|Any CPU
		{608CCCF7-5537-4759-8321-4DCBA7C497D4}.Ad-Hoc|x64.Deploy.0 = Release|Any CPU
		{608CCCF7-5537-4759-8321-4DCBA7C497D4}.Ad-Hoc|x86.ActiveCfg = Release|Any CPU
		{608CCCF7-5537-4759-8321-4DCBA7C497D4}.Ad-Hoc|x86.Build.0 = Release|Any CPU
		{608CCCF7-5537-4759-8321-4DCBA7C497D4}.Ad-Hoc|x86.Deploy.0 = Release|Any CPU
		{608CCCF7-5537-4759-8321-4DCBA7C497D4}.AppStore|Any CPU.ActiveCfg = Release|Any CPU
		{608CCCF7-5537-4759-8321-4DCBA7C497D4}.AppStore|Any CPU.Build.0 = Release|Any CPU
		{608CCCF7-5537-4759-8321-4DCBA7C497D4}.AppStore|Any CPU.Deploy.0 = Release|Any CPU
		{608CCCF7-5537-4759-8321-4DCBA7C497D4}.AppStore|ARM.ActiveCfg = Release|Any CPU
		{608CCCF7-5537-4759-8321-4DCBA7C497D4}.AppStore|ARM.Build.0 = Release|Any CPU
		{608CCCF7-5537-4759-8321-4DCBA7C497D4}.AppStore|ARM.Deploy.0 = Release|Any CPU
		{608CCCF7-5537-4759-8321-4DCBA7C497D4}.AppStore|iPhone.ActiveCfg = Release|Any CPU
		{608CCCF7-5537-4759-8321-4DCBA7C497D4}.AppStore|iPhone.Build.0 = Release|Any CPU
		{608CCCF7-5537-4759-8321-4DCBA7C497D4}.AppStore|iPhone.Deploy.0 = Release|Any CPU
		{608CCCF7-5537-4759-8321-4DCBA7C497D4}.AppStore|iPhoneSimulator.ActiveCfg = Release|Any CPU
		{608CCCF7-5537-4759-8321-4DCBA7C497D4}.AppStore|iPhoneSimulator.Build.0 = Release|Any CPU
		{608CCCF7-5537-4759-8321-4DCBA7C497D4}.AppStore|iPhoneSimulator.Deploy.0 = Release|Any CPU
		{608CCCF7-5537-4759-8321-4DCBA7C497D4}.AppStore|x64.ActiveCfg = Release|Any CPU
		{608CCCF7-5537-4759-8321-4DCBA7C497D4}.AppStore|x64.Build.0 = Release|Any CPU
		{608CCCF7-5537-4759-8321-4DCBA7C497D4}.AppStore|x64.Deploy.0 = Release|Any CPU
		{608CCCF7-5537-4759-8321-4DCBA7C497D4}.AppStore|x86.ActiveCfg = Release|Any CPU
		{608CCCF7-5537-4759-8321-4DCBA7C497D4}.AppStore|x86.Build.0 = Release|Any CPU
		{608CCCF7-5537-4759-8321-4DCBA7C497D4}.AppStore|x86.Deploy.0 = Release|Any CPU
		{608CCCF7-5537-4759-8321-4DCBA7C497D4}.Debug|Any CPU.ActiveCfg = Debug|Any CPU
		{608CCCF7-5537-4759-8321-4DCBA7C497D4}.Debug|Any CPU.Build.0 = Debug|Any CPU
		{608CCCF7-5537-4759-8321-4DCBA7C497D4}.Debug|Any CPU.Deploy.0 = Debug|Any CPU
		{608CCCF7-5537-4759-8321-4DCBA7C497D4}.Debug|ARM.ActiveCfg = Debug|Any CPU
		{608CCCF7-5537-4759-8321-4DCBA7C497D4}.Debug|ARM.Build.0 = Debug|Any CPU
		{608CCCF7-5537-4759-8321-4DCBA7C497D4}.Debug|ARM.Deploy.0 = Debug|Any CPU
		{608CCCF7-5537-4759-8321-4DCBA7C497D4}.Debug|iPhone.ActiveCfg = Debug|Any CPU
		{608CCCF7-5537-4759-8321-4DCBA7C497D4}.Debug|iPhone.Build.0 = Debug|Any CPU
		{608CCCF7-5537-4759-8321-4DCBA7C497D4}.Debug|iPhone.Deploy.0 = Debug|Any CPU
		{608CCCF7-5537-4759-8321-4DCBA7C497D4}.Debug|iPhoneSimulator.ActiveCfg = Debug|Any CPU
		{608CCCF7-5537-4759-8321-4DCBA7C497D4}.Debug|iPhoneSimulator.Build.0 = Debug|Any CPU
		{608CCCF7-5537-4759-8321-4DCBA7C497D4}.Debug|iPhoneSimulator.Deploy.0 = Debug|Any CPU
		{608CCCF7-5537-4759-8321-4DCBA7C497D4}.Debug|x64.ActiveCfg = Debug|Any CPU
		{608CCCF7-5537-4759-8321-4DCBA7C497D4}.Debug|x64.Build.0 = Debug|Any CPU
		{608CCCF7-5537-4759-8321-4DCBA7C497D4}.Debug|x64.Deploy.0 = Debug|Any CPU
		{608CCCF7-5537-4759-8321-4DCBA7C497D4}.Debug|x86.ActiveCfg = Debug|Any CPU
		{608CCCF7-5537-4759-8321-4DCBA7C497D4}.Debug|x86.Build.0 = Debug|Any CPU
		{608CCCF7-5537-4759-8321-4DCBA7C497D4}.Debug|x86.Deploy.0 = Debug|Any CPU
		{608CCCF7-5537-4759-8321-4DCBA7C497D4}.Release|Any CPU.ActiveCfg = Release|Any CPU
		{608CCCF7-5537-4759-8321-4DCBA7C497D4}.Release|Any CPU.Build.0 = Release|Any CPU
		{608CCCF7-5537-4759-8321-4DCBA7C497D4}.Release|Any CPU.Deploy.0 = Release|Any CPU
		{608CCCF7-5537-4759-8321-4DCBA7C497D4}.Release|ARM.ActiveCfg = Release|Any CPU
		{608CCCF7-5537-4759-8321-4DCBA7C497D4}.Release|ARM.Build.0 = Release|Any CPU
		{608CCCF7-5537-4759-8321-4DCBA7C497D4}.Release|ARM.Deploy.0 = Release|Any CPU
		{608CCCF7-5537-4759-8321-4DCBA7C497D4}.Release|iPhone.ActiveCfg = Release|Any CPU
		{608CCCF7-5537-4759-8321-4DCBA7C497D4}.Release|iPhone.Build.0 = Release|Any CPU
		{608CCCF7-5537-4759-8321-4DCBA7C497D4}.Release|iPhone.Deploy.0 = Release|Any CPU
		{608CCCF7-5537-4759-8321-4DCBA7C497D4}.Release|iPhoneSimulator.ActiveCfg = Release|Any CPU
		{608CCCF7-5537-4759-8321-4DCBA7C497D4}.Release|iPhoneSimulator.Build.0 = Release|Any CPU
		{608CCCF7-5537-4759-8321-4DCBA7C497D4}.Release|iPhoneSimulator.Deploy.0 = Release|Any CPU
		{608CCCF7-5537-4759-8321-4DCBA7C497D4}.Release|x64.ActiveCfg = Release|Any CPU
		{608CCCF7-5537-4759-8321-4DCBA7C497D4}.Release|x64.Build.0 = Release|Any CPU
		{608CCCF7-5537-4759-8321-4DCBA7C497D4}.Release|x64.Deploy.0 = Release|Any CPU
		{608CCCF7-5537-4759-8321-4DCBA7C497D4}.Release|x86.ActiveCfg = Release|Any CPU
		{608CCCF7-5537-4759-8321-4DCBA7C497D4}.Release|x86.Build.0 = Release|Any CPU
		{608CCCF7-5537-4759-8321-4DCBA7C497D4}.Release|x86.Deploy.0 = Release|Any CPU
		{3CD7C602-A077-42F8-8572-7357936E5074}.Ad-Hoc|Any CPU.ActiveCfg = Ad-Hoc|iPhone
		{3CD7C602-A077-42F8-8572-7357936E5074}.Ad-Hoc|ARM.ActiveCfg = Ad-Hoc|iPhone
		{3CD7C602-A077-42F8-8572-7357936E5074}.Ad-Hoc|iPhone.ActiveCfg = Ad-Hoc|iPhone
		{3CD7C602-A077-42F8-8572-7357936E5074}.Ad-Hoc|iPhone.Build.0 = Ad-Hoc|iPhone
		{3CD7C602-A077-42F8-8572-7357936E5074}.Ad-Hoc|iPhoneSimulator.ActiveCfg = Ad-Hoc|iPhoneSimulator
		{3CD7C602-A077-42F8-8572-7357936E5074}.Ad-Hoc|iPhoneSimulator.Build.0 = Ad-Hoc|iPhoneSimulator
		{3CD7C602-A077-42F8-8572-7357936E5074}.Ad-Hoc|x64.ActiveCfg = Ad-Hoc|iPhone
		{3CD7C602-A077-42F8-8572-7357936E5074}.Ad-Hoc|x86.ActiveCfg = Ad-Hoc|iPhone
		{3CD7C602-A077-42F8-8572-7357936E5074}.AppStore|Any CPU.ActiveCfg = AppStore|iPhone
		{3CD7C602-A077-42F8-8572-7357936E5074}.AppStore|ARM.ActiveCfg = AppStore|iPhone
		{3CD7C602-A077-42F8-8572-7357936E5074}.AppStore|iPhone.ActiveCfg = AppStore|iPhone
		{3CD7C602-A077-42F8-8572-7357936E5074}.AppStore|iPhone.Build.0 = AppStore|iPhone
		{3CD7C602-A077-42F8-8572-7357936E5074}.AppStore|iPhoneSimulator.ActiveCfg = AppStore|iPhoneSimulator
		{3CD7C602-A077-42F8-8572-7357936E5074}.AppStore|iPhoneSimulator.Build.0 = AppStore|iPhoneSimulator
		{3CD7C602-A077-42F8-8572-7357936E5074}.AppStore|x64.ActiveCfg = AppStore|iPhone
		{3CD7C602-A077-42F8-8572-7357936E5074}.AppStore|x86.ActiveCfg = AppStore|iPhone
		{3CD7C602-A077-42F8-8572-7357936E5074}.Debug|Any CPU.ActiveCfg = Debug|iPhone
		{3CD7C602-A077-42F8-8572-7357936E5074}.Debug|Any CPU.Build.0 = Debug|iPhone
		{3CD7C602-A077-42F8-8572-7357936E5074}.Debug|ARM.ActiveCfg = Debug|iPhone
		{3CD7C602-A077-42F8-8572-7357936E5074}.Debug|iPhone.ActiveCfg = Debug|iPhone
		{3CD7C602-A077-42F8-8572-7357936E5074}.Debug|iPhone.Build.0 = Debug|iPhone
		{3CD7C602-A077-42F8-8572-7357936E5074}.Debug|iPhoneSimulator.ActiveCfg = Debug|iPhoneSimulator
		{3CD7C602-A077-42F8-8572-7357936E5074}.Debug|iPhoneSimulator.Build.0 = Debug|iPhoneSimulator
		{3CD7C602-A077-42F8-8572-7357936E5074}.Debug|x64.ActiveCfg = Debug|iPhone
		{3CD7C602-A077-42F8-8572-7357936E5074}.Debug|x86.ActiveCfg = Debug|iPhone
		{3CD7C602-A077-42F8-8572-7357936E5074}.Release|Any CPU.ActiveCfg = Release|iPhone
		{3CD7C602-A077-42F8-8572-7357936E5074}.Release|ARM.ActiveCfg = Release|iPhone
		{3CD7C602-A077-42F8-8572-7357936E5074}.Release|iPhone.ActiveCfg = Release|iPhone
		{3CD7C602-A077-42F8-8572-7357936E5074}.Release|iPhone.Build.0 = Release|iPhone
		{3CD7C602-A077-42F8-8572-7357936E5074}.Release|iPhoneSimulator.ActiveCfg = Release|iPhoneSimulator
		{3CD7C602-A077-42F8-8572-7357936E5074}.Release|iPhoneSimulator.Build.0 = Release|iPhoneSimulator
		{3CD7C602-A077-42F8-8572-7357936E5074}.Release|x64.ActiveCfg = Release|iPhone
		{3CD7C602-A077-42F8-8572-7357936E5074}.Release|x86.ActiveCfg = Release|iPhone
		{98EBAED6-3197-4563-AAC5-853C7DF5E072}.Ad-Hoc|Any CPU.ActiveCfg = Release|Any CPU
		{98EBAED6-3197-4563-AAC5-853C7DF5E072}.Ad-Hoc|Any CPU.Build.0 = Release|Any CPU
		{98EBAED6-3197-4563-AAC5-853C7DF5E072}.Ad-Hoc|ARM.ActiveCfg = Release|ARM
		{98EBAED6-3197-4563-AAC5-853C7DF5E072}.Ad-Hoc|ARM.Build.0 = Release|ARM
		{98EBAED6-3197-4563-AAC5-853C7DF5E072}.Ad-Hoc|iPhone.ActiveCfg = Release|Any CPU
		{98EBAED6-3197-4563-AAC5-853C7DF5E072}.Ad-Hoc|iPhone.Build.0 = Release|Any CPU
		{98EBAED6-3197-4563-AAC5-853C7DF5E072}.Ad-Hoc|iPhoneSimulator.ActiveCfg = Release|Any CPU
		{98EBAED6-3197-4563-AAC5-853C7DF5E072}.Ad-Hoc|iPhoneSimulator.Build.0 = Release|Any CPU
		{98EBAED6-3197-4563-AAC5-853C7DF5E072}.Ad-Hoc|x64.ActiveCfg = Release|x64
		{98EBAED6-3197-4563-AAC5-853C7DF5E072}.Ad-Hoc|x64.Build.0 = Release|x64
		{98EBAED6-3197-4563-AAC5-853C7DF5E072}.Ad-Hoc|x86.ActiveCfg = Release|x86
		{98EBAED6-3197-4563-AAC5-853C7DF5E072}.Ad-Hoc|x86.Build.0 = Release|x86
		{98EBAED6-3197-4563-AAC5-853C7DF5E072}.AppStore|Any CPU.ActiveCfg = Release|Any CPU
		{98EBAED6-3197-4563-AAC5-853C7DF5E072}.AppStore|Any CPU.Build.0 = Release|Any CPU
		{98EBAED6-3197-4563-AAC5-853C7DF5E072}.AppStore|ARM.ActiveCfg = Release|ARM
		{98EBAED6-3197-4563-AAC5-853C7DF5E072}.AppStore|ARM.Build.0 = Release|ARM
		{98EBAED6-3197-4563-AAC5-853C7DF5E072}.AppStore|iPhone.ActiveCfg = Release|Any CPU
		{98EBAED6-3197-4563-AAC5-853C7DF5E072}.AppStore|iPhone.Build.0 = Release|Any CPU
		{98EBAED6-3197-4563-AAC5-853C7DF5E072}.AppStore|iPhoneSimulator.ActiveCfg = Release|Any CPU
		{98EBAED6-3197-4563-AAC5-853C7DF5E072}.AppStore|iPhoneSimulator.Build.0 = Release|Any CPU
		{98EBAED6-3197-4563-AAC5-853C7DF5E072}.AppStore|x64.ActiveCfg = Release|x64
		{98EBAED6-3197-4563-AAC5-853C7DF5E072}.AppStore|x64.Build.0 = Release|x64
		{98EBAED6-3197-4563-AAC5-853C7DF5E072}.AppStore|x86.ActiveCfg = Release|x86
		{98EBAED6-3197-4563-AAC5-853C7DF5E072}.AppStore|x86.Build.0 = Release|x86
		{98EBAED6-3197-4563-AAC5-853C7DF5E072}.Debug|Any CPU.ActiveCfg = Debug|Any CPU
		{98EBAED6-3197-4563-AAC5-853C7DF5E072}.Debug|Any CPU.Build.0 = Debug|Any CPU
		{98EBAED6-3197-4563-AAC5-853C7DF5E072}.Debug|ARM.ActiveCfg = Debug|ARM
		{98EBAED6-3197-4563-AAC5-853C7DF5E072}.Debug|ARM.Build.0 = Debug|ARM
		{98EBAED6-3197-4563-AAC5-853C7DF5E072}.Debug|iPhone.ActiveCfg = Debug|Any CPU
		{98EBAED6-3197-4563-AAC5-853C7DF5E072}.Debug|iPhone.Build.0 = Debug|Any CPU
		{98EBAED6-3197-4563-AAC5-853C7DF5E072}.Debug|iPhoneSimulator.ActiveCfg = Debug|Any CPU
		{98EBAED6-3197-4563-AAC5-853C7DF5E072}.Debug|iPhoneSimulator.Build.0 = Debug|Any CPU
		{98EBAED6-3197-4563-AAC5-853C7DF5E072}.Debug|x64.ActiveCfg = Debug|x64
		{98EBAED6-3197-4563-AAC5-853C7DF5E072}.Debug|x64.Build.0 = Debug|x64
		{98EBAED6-3197-4563-AAC5-853C7DF5E072}.Debug|x86.ActiveCfg = Debug|x86
		{98EBAED6-3197-4563-AAC5-853C7DF5E072}.Debug|x86.Build.0 = Debug|x86
		{98EBAED6-3197-4563-AAC5-853C7DF5E072}.Release|Any CPU.ActiveCfg = Release|Any CPU
		{98EBAED6-3197-4563-AAC5-853C7DF5E072}.Release|Any CPU.Build.0 = Release|Any CPU
		{98EBAED6-3197-4563-AAC5-853C7DF5E072}.Release|ARM.ActiveCfg = Release|ARM
		{98EBAED6-3197-4563-AAC5-853C7DF5E072}.Release|ARM.Build.0 = Release|ARM
		{98EBAED6-3197-4563-AAC5-853C7DF5E072}.Release|iPhone.ActiveCfg = Release|Any CPU
		{98EBAED6-3197-4563-AAC5-853C7DF5E072}.Release|iPhone.Build.0 = Release|Any CPU
		{98EBAED6-3197-4563-AAC5-853C7DF5E072}.Release|iPhoneSimulator.ActiveCfg = Release|Any CPU
		{98EBAED6-3197-4563-AAC5-853C7DF5E072}.Release|iPhoneSimulator.Build.0 = Release|Any CPU
		{98EBAED6-3197-4563-AAC5-853C7DF5E072}.Release|x64.ActiveCfg = Release|x64
		{98EBAED6-3197-4563-AAC5-853C7DF5E072}.Release|x64.Build.0 = Release|x64
		{98EBAED6-3197-4563-AAC5-853C7DF5E072}.Release|x86.ActiveCfg = Release|x86
		{98EBAED6-3197-4563-AAC5-853C7DF5E072}.Release|x86.Build.0 = Release|x86
	EndGlobalSection
	GlobalSection(SolutionProperties) = preSolution
		HideSolutionNode = FALSE
	EndGlobalSection
EndGlobal
